# THIS IS AN AUTOGENERATED FILE. DO NOT EDIT THIS FILE DIRECTLY.
# yarn lockfile v1


"@types/node@*", "@types/node@^8.0.47":
  version "8.0.53"
  resolved "http://registry.npm.taobao.org/@types/node/download/@types/node-8.0.53.tgz#396b35af826fa66aad472c8cb7b8d5e277f4e6d8"

"@types/react-dom@^16.0.2":
  version "16.0.3"
  resolved "http://registry.npm.taobao.org/@types/react-dom/download/@types/react-dom-16.0.3.tgz#8accad7eabdab4cca3e1a56f5ccb57de2da0ff64"
  dependencies:
    "@types/node" "*"
    "@types/react" "*"

"@types/react@*", "@types/react@^16.0.18":
  version "16.0.25"
  resolved "http://registry.npm.taobao.org/@types/react/download/@types/react-16.0.25.tgz#bf696b83fe480c5e0eff4335ee39ebc95884a1ed"

add-dom-event-listener@1.x:
  version "1.0.2"
  resolved "http://registry.npm.taobao.org/add-dom-event-listener/download/add-dom-event-listener-1.0.2.tgz#8faed2c41008721cf111da1d30d995b85be42bed"
  dependencies:
    object-assign "4.x"

antd@^2.13.10:
  version "2.13.10"
  resolved "http://registry.npm.taobao.org/antd/download/antd-2.13.10.tgz#bfb8cab3405b93b0b98f6a38e2069697017ebcd7"
  dependencies:
    array-tree-filter "~1.0.0"
    babel-runtime "6.x"
    classnames "~2.2.0"
    create-react-class "^15.6.0"
    css-animation "^1.2.5"
    dom-closest "^0.2.0"
    lodash.debounce "^4.0.8"
    moment "^2.18.1"
    omit.js "^1.0.0"
    prop-types "^15.5.7"
    rc-animate "^2.4.1"
    rc-calendar "~9.0.0"
    rc-cascader "~0.11.3"
    rc-checkbox "~2.0.3"
    rc-collapse "~1.7.5"
    rc-dialog "~6.5.10"
    rc-dropdown "~1.5.0"
    rc-editor-mention "~0.6.12"
    rc-form "~1.4.0"
    rc-input-number "~3.6.0"
    rc-menu "~5.0.10"
    rc-notification "~2.0.0"
    rc-pagination "~1.12.4"
    rc-progress "~2.2.2"
    rc-rate "~2.1.1"
    rc-select "~6.9.0"
    rc-slider "~8.3.0"
    rc-steps "~2.5.1"
    rc-switch "~1.5.1"
    rc-table "~5.6.9"
    rc-tabs "~9.1.2"
    rc-time-picker "~2.4.1"
    rc-tooltip "~3.4.6"
    rc-tree "~1.7.0"
    rc-tree-select "~1.10.2"
    rc-upload "~2.4.0"
    rc-util "^4.0.4"
    react-lazy-load "^3.0.12"
    react-slick "~0.15.4"
    shallowequal "^1.0.1"
    warning "~3.0.0"

array-tree-filter@^1.0.0, array-tree-filter@~1.0.0:
  version "1.0.1"
  resolved "http://registry.npm.taobao.org/array-tree-filter/download/array-tree-filter-1.0.1.tgz#0a8ad1eefd38ce88858632f9cc0423d7634e4d5d"

asap@~2.0.3:
  version "2.0.6"
  resolved "http://registry.npm.taobao.org/asap/download/asap-2.0.6.tgz#e50347611d7e690943208bbdafebcbc2fb866d46"

async-validator@1.x:
  version "1.8.1"
  resolved "http://registry.npm.taobao.org/async-validator/download/async-validator-1.8.1.tgz#6665788ca39269af770e5ee02f0e557f2438d2ca"
  dependencies:
    babel-runtime "6.x"

babel-runtime@6.x, babel-runtime@^6.23.0:
  version "6.26.0"
  resolved "http://registry.npm.taobao.org/babel-runtime/download/babel-runtime-6.26.0.tgz#965c7058668e82b55d7bfe04ff2337bc8b5647fe"
  dependencies:
    core-js "^2.4.0"
    regenerator-runtime "^0.11.0"

can-use-dom@^0.1.0:
  version "0.1.0"
  resolved "http://registry.npm.taobao.org/can-use-dom/download/can-use-dom-0.1.0.tgz#22cc4a34a0abc43950f42c6411024a3f6366b45a"

classnames@2.x, classnames@^2.2.0, classnames@^2.2.1, classnames@^2.2.3, classnames@^2.2.5, classnames@~2.2.0:
  version "2.2.5"
  resolved "http://registry.npm.taobao.org/classnames/download/classnames-2.2.5.tgz#fb3801d453467649ef3603c7d61a02bd129bde6d"

component-classes@1.x, component-classes@^1.2.5, component-classes@^1.2.6:
  version "1.2.6"
  resolved "http://registry.npm.taobao.org/component-classes/download/component-classes-1.2.6.tgz#c642394c3618a4d8b0b8919efccbbd930e5cd691"
  dependencies:
    component-indexof "0.0.3"

component-indexof@0.0.3:
  version "0.0.3"
  resolved "http://registry.npm.taobao.org/component-indexof/download/component-indexof-0.0.3.tgz#11d091312239eb8f32c8f25ae9cb002ffe8d3c24"

core-js@^1.0.0:
  version "1.2.7"
  resolved "http://registry.npm.taobao.org/core-js/download/core-js-1.2.7.tgz#652294c14651db28fa93bd2d5ff2983a4f08c636"

core-js@^2.4.0:
  version "2.5.1"
  resolved "http://registry.npm.taobao.org/core-js/download/core-js-2.5.1.tgz#ae6874dc66937789b80754ff5428df66819ca50b"

create-react-class@15.x, create-react-class@^15.5.2, create-react-class@^15.5.3, create-react-class@^15.6.0:
  version "15.6.2"
  resolved "http://registry.npm.taobao.org/create-react-class/download/create-react-class-15.6.2.tgz#cf1ed15f12aad7f14ef5f2dfe05e6c42f91ef02a"
  dependencies:
    fbjs "^0.8.9"
    loose-envify "^1.3.1"
    object-assign "^4.1.1"

css-animation@1.x, css-animation@^1.2.5, css-animation@^1.3.2:
  version "1.4.1"
  resolved "http://registry.npm.taobao.org/css-animation/download/css-animation-1.4.1.tgz#5b8813125de0fbbbb0bbe1b472ae84221469b7a8"
  dependencies:
    babel-runtime "6.x"
    component-classes "^1.2.5"

dom-align@1.x:
  version "1.6.5"
  resolved "http://registry.npm.taobao.org/dom-align/download/dom-align-1.6.5.tgz#48890ee37563dd43d3b580b75cfb79a6ac8fa004"

dom-closest@^0.2.0:
  version "0.2.0"
  resolved "http://registry.npm.taobao.org/dom-closest/download/dom-closest-0.2.0.tgz#ebd9f91d1bf22e8d6f477876bbcd3ec90216c0cf"
  dependencies:
    dom-matches ">=1.0.1"

dom-matches@>=1.0.1:
  version "2.0.0"
  resolved "http://registry.npm.taobao.org/dom-matches/download/dom-matches-2.0.0.tgz#d2728b416a87533980eb089b848d253cf23a758c"

dom-scroll-into-view@1.x, dom-scroll-into-view@^1.2.0:
  version "1.2.1"
  resolved "http://registry.npm.taobao.org/dom-scroll-into-view/download/dom-scroll-into-view-1.2.1.tgz#e8f36732dd089b0201a88d7815dc3f88e6d66c7e"

draft-js@^0.10.0, draft-js@~0.10.0:
  version "0.10.4"
  resolved "http://registry.npm.taobao.org/draft-js/download/draft-js-0.10.4.tgz#147741642097c8120d8edc232e9503e8b7fb8d35"
  dependencies:
    fbjs "^0.8.15"
    immutable "~3.7.4"
    object-assign "^4.1.0"

encoding@^0.1.11:
  version "0.1.12"
  resolved "http://registry.npm.taobao.org/encoding/download/encoding-0.1.12.tgz#538b66f3ee62cd1ab51ec323829d1f9480c74beb"
  dependencies:
    iconv-lite "~0.4.13"

enquire.js@^2.1.6:
  version "2.1.6"
  resolved "http://registry.npm.taobao.org/enquire.js/download/enquire.js-2.1.6.tgz#3e8780c9b8b835084c3f60e166dbc3c2a3c89814"

eventlistener@0.0.1:
  version "0.0.1"
  resolved "http://registry.npm.taobao.org/eventlistener/download/eventlistener-0.0.1.tgz#ed2baabb852227af2bcf889152c72c63ca532eb8"

fbjs@^0.8.15, fbjs@^0.8.16, fbjs@^0.8.9:
  version "0.8.16"
  resolved "http://registry.npm.taobao.org/fbjs/download/fbjs-0.8.16.tgz#5e67432f550dc41b572bf55847b8aca64e5337db"
  dependencies:
    core-js "^1.0.0"
    isomorphic-fetch "^2.1.1"
    loose-envify "^1.0.0"
    object-assign "^4.1.0"
    promise "^7.1.1"
    setimmediate "^1.0.5"
    ua-parser-js "^0.7.9"

hammerjs@^2.0.8:
  version "2.0.8"
  resolved "http://registry.npm.taobao.org/hammerjs/download/hammerjs-2.0.8.tgz#04ef77862cff2bb79d30f7692095930222bf60f1"

hoist-non-react-statics@1.x:
  version "1.2.0"
  resolved "http://registry.npm.taobao.org/hoist-non-react-statics/download/hoist-non-react-statics-1.2.0.tgz#aa448cf0986d55cc40773b17174b7dd066cb7cfb"

iconv-lite@~0.4.13:
  version "0.4.19"
  resolved "http://registry.npm.taobao.org/iconv-lite/download/iconv-lite-0.4.19.tgz#f7468f60135f5e5dad3399c0a81be9a1603a082b"

immutable@^3.7.4:
  version "3.8.2"
  resolved "http://registry.npm.taobao.org/immutable/download/immutable-3.8.2.tgz#c2439951455bb39913daf281376f1530e104adf3"

immutable@~3.7.4:
  version "3.7.6"
  resolved "http://registry.npm.taobao.org/immutable/download/immutable-3.7.6.tgz#13b4d3cb12befa15482a26fe1b2ebae640071e4b"

is-stream@^1.0.1:
  version "1.1.0"
  resolved "http://registry.npm.taobao.org/is-stream/download/is-stream-1.1.0.tgz#12d4a3dd4e68e0b79ceb8dbc84173ae80d91ca44"

isomorphic-fetch@^2.1.1:
  version "2.2.1"
  resolved "http://registry.npm.taobao.org/isomorphic-fetch/download/isomorphic-fetch-2.2.1.tgz#611ae1acf14f5e81f729507472819fe9733558a9"
  dependencies:
    node-fetch "^1.0.1"
    whatwg-fetch ">=0.10.0"

js-tokens@^3.0.0:
  version "3.0.2"
  resolved "http://registry.npm.taobao.org/js-tokens/download/js-tokens-3.0.2.tgz#9866df395102130e38f7f996bceb65443209c25b"

json2mq@^0.2.0:
  version "0.2.0"
  resolved "http://registry.npm.taobao.org/json2mq/download/json2mq-0.2.0.tgz#b637bd3ba9eabe122c83e9720483aeb10d2c904a"
  dependencies:
    string-convert "^0.2.0"

lodash._getnative@^3.0.0:
  version "3.9.1"
  resolved "http://registry.npm.taobao.org/lodash._getnative/download/lodash._getnative-3.9.1.tgz#570bc7dede46d61cdcde687d65d3eecbaa3aaff5"

lodash.debounce@^4.0.0, lodash.debounce@^4.0.8:
  version "4.0.8"
  resolved "http://registry.npm.taobao.org/lodash.debounce/download/lodash.debounce-4.0.8.tgz#82d79bff30a67c4005ffd5e2515300ad9ca4d7af"

lodash.get@^4.4.2:
  version "4.4.2"
  resolved "http://registry.npm.taobao.org/lodash.get/download/lodash.get-4.4.2.tgz#2d177f652fa31e939b4438d5341499dfa3825e99"

lodash.isarguments@^3.0.0:
  version "3.1.0"
  resolved "http://registry.npm.taobao.org/lodash.isarguments/download/lodash.isarguments-3.1.0.tgz#2f573d85c6a24289ff00663b491c1d338ff3458a"

lodash.isarray@^3.0.0:
  version "3.0.4"
  resolved "http://registry.npm.taobao.org/lodash.isarray/download/lodash.isarray-3.0.4.tgz#79e4eb88c36a8122af86f844aa9bcd851b5fbb55"

lodash.keys@^3.1.2:
  version "3.1.2"
  resolved "http://registry.npm.taobao.org/lodash.keys/download/lodash.keys-3.1.2.tgz#4dbc0472b156be50a0b286855d1bd0b0c656098a"
  dependencies:
    lodash._getnative "^3.0.0"
    lodash.isarguments "^3.0.0"
    lodash.isarray "^3.0.0"

lodash.throttle@^4.0.0:
  version "4.1.1"
  resolved "http://registry.npm.taobao.org/lodash.throttle/download/lodash.throttle-4.1.1.tgz#c23e91b710242ac70c37f1e1cda9274cc39bf2f4"

lodash@^4.16.5, lodash@^4.17.4:
  version "4.17.4"
  resolved "http://registry.npm.taobao.org/lodash/download/lodash-4.17.4.tgz#78203a4d1c328ae1d86dca6460e369b57f4055ae"

loose-envify@^1.0.0, loose-envify@^1.3.1:
  version "1.3.1"
  resolved "http://registry.npm.taobao.org/loose-envify/download/loose-envify-1.3.1.tgz#d1a8ad33fa9ce0e713d65fdd0ac8b748d478c848"
  dependencies:
    js-tokens "^3.0.0"

moment@2.x, moment@^2.18.1:
  version "2.19.2"
  resolved "http://registry.npm.taobao.org/moment/download/moment-2.19.2.tgz#8a7f774c95a64550b4c7ebd496683908f9419dbe"

node-fetch@^1.0.1:
  version "1.7.3"
  resolved "http://registry.npm.taobao.org/node-fetch/download/node-fetch-1.7.3.tgz#980f6f72d85211a5347c6b2bc18c5b84c3eb47ef"
  dependencies:
    encoding "^0.1.11"
    is-stream "^1.0.1"

object-assign@4.x, object-assign@^4.0.1, object-assign@^4.1.0, object-assign@^4.1.1, object-assign@~4.1.0:
  version "4.1.1"
  resolved "http://registry.npm.taobao.org/object-assign/download/object-assign-4.1.1.tgz#2109adc7965887cfc05cbbd442cac8bfbb360863"

omit.js@^1.0.0:
  version "1.0.0"
  resolved "http://registry.npm.taobao.org/omit.js/download/omit.js-1.0.0.tgz#e013cb86a7517b9cf6f7cfb0ddb4297256a99288"
  dependencies:
    babel-runtime "^6.23.0"

promise@^7.1.1:
  version "7.3.1"
  resolved "http://registry.npm.taobao.org/promise/download/promise-7.3.1.tgz#064b72602b18f90f29192b8b1bc418ffd1ebd3bf"
  dependencies:
    asap "~2.0.3"

prop-types@15.x, prop-types@^15.5.10, prop-types@^15.5.4, prop-types@^15.5.6, prop-types@^15.5.7, prop-types@^15.5.8, prop-types@^15.5.9:
  version "15.6.0"
  resolved "http://registry.npm.taobao.org/prop-types/download/prop-types-15.6.0.tgz#ceaf083022fc46b4a35f69e13ef75aed0d639856"
  dependencies:
    fbjs "^0.8.16"
    loose-envify "^1.3.1"
    object-assign "^4.1.1"

rc-align@2.x:
  version "2.3.4"
  resolved "http://registry.npm.taobao.org/rc-align/download/rc-align-2.3.4.tgz#d83bdab7560f0142e72a3de1d495dab6ba225249"
  dependencies:
    dom-align "1.x"
    prop-types "^15.5.8"
    rc-util "4.x"

rc-animate@2.x, rc-animate@^2.0.2, rc-animate@^2.3.0, rc-animate@^2.4.1:
  version "2.4.1"
  resolved "http://registry.npm.taobao.org/rc-animate/download/rc-animate-2.4.1.tgz#df3e0f56fe106afe4bf52ff408ced241c5178919"
  dependencies:
    babel-runtime "6.x"
    css-animation "^1.3.2"
    prop-types "15.x"

rc-calendar@~9.0.0:
  version "9.0.4"
  resolved "http://registry.npm.taobao.org/rc-calendar/download/rc-calendar-9.0.4.tgz#35810a8df6428f4fb85e8debdb07bd8d2eb3c5f5"
  dependencies:
    babel-runtime "6.x"
    classnames "2.x"
    create-react-class "^15.5.2"
    moment "2.x"
    prop-types "^15.5.8"
    rc-trigger "1.x"
    rc-util "^4.0.4"

rc-cascader@~0.11.3:
  version "0.11.6"
  resolved "http://registry.npm.taobao.org/rc-cascader/download/rc-cascader-0.11.6.tgz#7e88cfbb7500b3941a5940cf6e91569c53e37f9d"
  dependencies:
    array-tree-filter "^1.0.0"
    prop-types "^15.5.8"
    rc-trigger "1.x"
    rc-util "4.x"
    shallow-equal "^1.0.0"

rc-checkbox@~2.0.3:
  version "2.0.3"
  resolved "http://registry.npm.taobao.org/rc-checkbox/download/rc-checkbox-2.0.3.tgz#436a9d508948e224980f0535ea738b48177a8f25"
  dependencies:
    babel-runtime "^6.23.0"
    classnames "2.x"
    prop-types "15.x"
    rc-util "^4.0.4"

rc-collapse@~1.7.5:
  version "1.7.6"
  resolved "http://registry.npm.taobao.org/rc-collapse/download/rc-collapse-1.7.6.tgz#64433512d921f750df61433e675bb9547ba5ef6b"
  dependencies:
    classnames "2.x"
    css-animation "1.x"
    prop-types "^15.5.6"
    rc-animate "2.x"

rc-dialog@~6.5.10:
  version "6.5.11"
  resolved "http://registry.npm.taobao.org/rc-dialog/download/rc-dialog-6.5.11.tgz#a6ef4d81a7801a54e9923273c605dd521d7fb142"
  dependencies:
    babel-runtime "6.x"
    create-react-class "^15.5.2"
    object-assign "~4.1.0"
    rc-animate "2.x"
    rc-util "^4.0.4"

rc-dropdown@~1.5.0:
  version "1.5.1"
  resolved "http://registry.npm.taobao.org/rc-dropdown/download/rc-dropdown-1.5.1.tgz#633344f4d1998af35bbb9a9da9d3ed2f21876776"
  dependencies:
    prop-types "^15.5.8"
    rc-trigger "1.x"

rc-editor-core@~0.7.7:
  version "0.7.8"
  resolved "http://registry.npm.taobao.org/rc-editor-core/download/rc-editor-core-0.7.8.tgz#ddb82cc83b5871b5a057e50b00d17866cc9dd707"
  dependencies:
    draft-js "^0.10.0"
    immutable "^3.7.4"
    lodash "^4.16.5"
    prop-types "^15.5.8"
    setimmediate "^1.0.5"

rc-editor-mention@~0.6.12:
  version "0.6.13"
  resolved "http://registry.npm.taobao.org/rc-editor-mention/download/rc-editor-mention-0.6.13.tgz#5334385cb66640f159488e8b50c6b8845fc0c654"
  dependencies:
    classnames "^2.2.5"
    dom-scroll-into-view "^1.2.0"
    draft-js "~0.10.0"
    immutable "~3.7.4"
    prop-types "^15.5.8"
    rc-animate "^2.3.0"
    rc-editor-core "~0.7.7"

rc-form@~1.4.0:
  version "1.4.8"
  resolved "http://registry.npm.taobao.org/rc-form/download/rc-form-1.4.8.tgz#e26c2cd86137d943c2e2996407d73e9fa073b1c6"
  dependencies:
    async-validator "1.x"
    babel-runtime "6.x"
    create-react-class "^15.5.3"
    dom-scroll-into-view "1.x"
    hoist-non-react-statics "1.x"
    lodash "^4.17.4"
    warning "^3.0.0"

rc-hammerjs@~0.6.0:
  version "0.6.9"
  resolved "http://registry.npm.taobao.org/rc-hammerjs/download/rc-hammerjs-0.6.9.tgz#9a4ddbda1b2ec8f9b9596091a6a989842a243907"
  dependencies:
    babel-runtime "6.x"
    hammerjs "^2.0.8"
    prop-types "^15.5.9"

rc-input-number@~3.6.0:
  version "3.6.10"
  resolved "http://registry.npm.taobao.org/rc-input-number/download/rc-input-number-3.6.10.tgz#651e17f72d7e5c47a07e126db9ee8d176aa85c2e"
  dependencies:
    babel-runtime "6.x"
    classnames "^2.2.0"
    create-react-class "^15.5.2"
    prop-types "^15.5.7"
    rc-touchable "^1.0.0"

rc-menu@^5.0.11, rc-menu@~5.0.10:
  version "5.0.14"
  resolved "http://registry.npm.taobao.org/rc-menu/download/rc-menu-5.0.14.tgz#73fd8e6f3525077b825c34c0318394bedce573d6"
  dependencies:
    babel-runtime "6.x"
    classnames "2.x"
    create-react-class "^15.5.2"
    dom-scroll-into-view "1.x"
    prop-types "^15.5.6"
    rc-animate "2.x"
    rc-util "^4.0.2"

rc-notification@~2.0.0:
  version "2.0.6"
  resolved "http://registry.npm.taobao.org/rc-notification/download/rc-notification-2.0.6.tgz#76f3f71d9423bf4603a02d7aa0c4b094a46b8c67"
  dependencies:
    babel-runtime "6.x"
    classnames "2.x"
    prop-types "^15.5.8"
    rc-animate "2.x"
    rc-util "^4.0.4"

rc-pagination@~1.12.4:
  version "1.12.11"
  resolved "http://registry.npm.taobao.org/rc-pagination/download/rc-pagination-1.12.11.tgz#ed0a4ef4d5c44495eebe1fb669daefabdb303f3d"
  dependencies:
    babel-runtime "6.x"
    prop-types "^15.5.7"

rc-progress@~2.2.2:
  version "2.2.4"
  resolved "http://registry.npm.taobao.org/rc-progress/download/rc-progress-2.2.4.tgz#45dbdb91cdd71cb5ce22e61313a351ceb5b1488a"
  dependencies:
    babel-runtime "6.x"
    prop-types "^15.5.8"

rc-rate@~2.1.1:
  version "2.1.1"
  resolved "http://registry.npm.taobao.org/rc-rate/download/rc-rate-2.1.1.tgz#88aeda8b3d6470bbae4f6518c652a02a959bddc5"
  dependencies:
    classnames "^2.2.5"
    prop-types "^15.5.8"

rc-select@~6.9.0:
  version "6.9.7"
  resolved "http://registry.npm.taobao.org/rc-select/download/rc-select-6.9.7.tgz#72741d0edaba36f1adfdaf823bcecbdac057065d"
  dependencies:
    babel-runtime "^6.23.0"
    classnames "2.x"
    component-classes "1.x"
    dom-scroll-into-view "1.x"
    prop-types "^15.5.8"
    rc-animate "2.x"
    rc-menu "^5.0.11"
    rc-trigger "1.x"
    rc-util "^4.0.4"
    warning "^3.0.0"

rc-slider@~8.3.0:
  version "8.3.5"
  resolved "http://registry.npm.taobao.org/rc-slider/download/rc-slider-8.3.5.tgz#41f88ab95debe089139deee7120c6e151260b52d"
  dependencies:
    babel-runtime "6.x"
    classnames "^2.2.5"
    prop-types "^15.5.4"
    rc-tooltip "^3.4.3"
    rc-util "^4.0.4"
    shallowequal "^1.0.1"
    warning "^3.0.0"

rc-steps@~2.5.1:
  version "2.5.2"
  resolved "http://registry.npm.taobao.org/rc-steps/download/rc-steps-2.5.2.tgz#2ff2e03348ba8cc4114f0568e420add6ee273fae"
  dependencies:
    classnames "^2.2.3"
    lodash.debounce "^4.0.8"
    prop-types "^15.5.7"

rc-switch@~1.5.1:
  version "1.5.3"
  resolved "http://registry.npm.taobao.org/rc-switch/download/rc-switch-1.5.3.tgz#283c2608bac57ebd7cdc4033269de14b6753eb39"
  dependencies:
    babel-runtime "^6.23.0"
    classnames "^2.2.1"
    prop-types "^15.5.6"

rc-table@~5.6.9:
  version "5.6.13"
  resolved "http://registry.npm.taobao.org/rc-table/download/rc-table-5.6.13.tgz#ca73021dc6a3aa0af2846d07ee80c01c713ff0de"
  dependencies:
    babel-runtime "6.x"
    component-classes "^1.2.6"
    lodash.get "^4.4.2"
    prop-types "^15.5.8"
    rc-util "4.x"
    shallowequal "^0.2.2"
    warning "^3.0.0"

rc-tabs@~9.1.2:
  version "9.1.10"
  resolved "http://registry.npm.taobao.org/rc-tabs/download/rc-tabs-9.1.10.tgz#4307af2c83314f2c5aa8feae09de08a71a3f3244"
  dependencies:
    babel-runtime "6.x"
    classnames "2.x"
    create-react-class "15.x"
    lodash.debounce "^4.0.8"
    prop-types "15.x"
    rc-hammerjs "~0.6.0"
    rc-util "^4.0.4"
    warning "^3.0.0"

rc-time-picker@~2.4.1:
  version "2.4.1"
  resolved "http://registry.npm.taobao.org/rc-time-picker/download/rc-time-picker-2.4.1.tgz#074e3d1208e880edb0d99a7b9cc15b93505da8c6"
  dependencies:
    babel-runtime "6.x"
    classnames "2.x"
    moment "2.x"
    prop-types "^15.5.8"
    rc-trigger "1.x"

rc-tooltip@^3.4.3:
  version "3.7.0"
  resolved "http://registry.npm.taobao.org/rc-tooltip/download/rc-tooltip-3.7.0.tgz#3afbf109865f7cdcfe43752f3f3f501f7be37aaa"
  dependencies:
    babel-runtime "6.x"
    prop-types "^15.5.8"
    rc-trigger "^2.2.2"

rc-tooltip@~3.4.6:
  version "3.4.9"
  resolved "http://registry.npm.taobao.org/rc-tooltip/download/rc-tooltip-3.4.9.tgz#6f99ecbbe3925810447fe0ce81a6ed4f721da8c5"
  dependencies:
    babel-runtime "6.x"
    prop-types "^15.5.8"
    rc-trigger "1.x"

rc-touchable@^1.0.0:
  version "1.2.3"
  resolved "http://registry.npm.taobao.org/rc-touchable/download/rc-touchable-1.2.3.tgz#5f498324e3d0b9ba601a9c4834958eaa2c713618"
  dependencies:
    babel-runtime "6.x"

rc-tree-select@~1.10.2:
  version "1.10.11"
  resolved "http://registry.npm.taobao.org/rc-tree-select/download/rc-tree-select-1.10.11.tgz#c31f75cf1570cad4f87f6de63fa8c1fe96983b06"
  dependencies:
    babel-runtime "^6.23.0"
    classnames "^2.2.1"
    object-assign "^4.0.1"
    prop-types "^15.5.8"
    rc-animate "^2.0.2"
    rc-tree "~1.7.1"
    rc-trigger "1.x"
    rc-util "^4.0.2"

rc-tree@~1.7.0, rc-tree@~1.7.1:
  version "1.7.9"
  resolved "http://registry.npm.taobao.org/rc-tree/download/rc-tree-1.7.9.tgz#5cefaff0c1a9f1179702782b265846e3b494a08a"
  dependencies:
    babel-runtime "^6.23.0"
    classnames "2.x"
    prop-types "^15.5.8"
    rc-animate "2.x"
    rc-util "^4.0.4"
    warning "^3.0.0"

rc-trigger@1.x:
  version "1.11.5"
  resolved "http://registry.npm.taobao.org/rc-trigger/download/rc-trigger-1.11.5.tgz#f88f9f84e0e79f8e0ef1c8d1bf8ac2208b715620"
  dependencies:
    babel-runtime "6.x"
    create-react-class "15.x"
    prop-types "15.x"
    rc-align "2.x"
    rc-animate "2.x"
    rc-util "4.x"

rc-trigger@^2.2.2:
  version "2.3.0"
  resolved "http://registry.npm.taobao.org/rc-trigger/download/rc-trigger-2.3.0.tgz#f42cfe4bc17dab4e4cd613a1d4a156738d252728"
  dependencies:
    babel-runtime "6.x"
    create-react-class "15.x"
    prop-types "15.x"
    rc-align "2.x"
    rc-animate "2.x"
    rc-util "^4.3.0"

rc-upload@~2.4.0:
  version "2.4.4"
  resolved "http://registry.npm.taobao.org/rc-upload/download/rc-upload-2.4.4.tgz#28e1e6a3e44d1b1f92e57e21927cfa2763ac2a21"
  dependencies:
    babel-runtime "6.x"
    classnames "^2.2.5"
    prop-types "^15.5.7"
    warning "2.x"

rc-util@4.x, rc-util@^4.0.2, rc-util@^4.0.4, rc-util@^4.3.0:
  version "4.3.0"
  resolved "http://registry.npm.taobao.org/rc-util/download/rc-util-4.3.0.tgz#31c61e747e3e107acfe78049f98b275a8051a398"
  dependencies:
    add-dom-event-listener "1.x"
    babel-runtime "6.x"
    prop-types "^15.5.10"
    shallowequal "^0.2.2"

react-lazy-load@^3.0.12:
  version "3.0.12"
  resolved "http://registry.npm.taobao.org/react-lazy-load/download/react-lazy-load-3.0.12.tgz#2b841dfc3227e8119d033189d2c960ce384d0cb9"
  dependencies:
    eventlistener "0.0.1"
    lodash.debounce "^4.0.0"
    lodash.throttle "^4.0.0"
    prop-types "^15.5.8"

react-slick@~0.15.4:
  version "0.15.4"
  resolved "http://registry.npm.taobao.org/react-slick/download/react-slick-0.15.4.tgz#6709c87b06e7640feeacc06711be42cc2066aabe"
  dependencies:
    can-use-dom "^0.1.0"
    classnames "^2.2.5"
    create-react-class "^15.5.2"
    enquire.js "^2.1.6"
    json2mq "^0.2.0"
    object-assign "^4.1.0"
    slick-carousel "^1.6.0"

regenerator-runtime@^0.11.0:
  version "0.11.0"
  resolved "http://registry.npm.taobao.org/regenerator-runtime/download/regenerator-runtime-0.11.0.tgz#7e54fe5b5ccd5d6624ea6255c3473be090b802e1"

setimmediate@^1.0.5:
  version "1.0.5"
  resolved "http://registry.npm.taobao.org/setimmediate/download/setimmediate-1.0.5.tgz#290cbb232e306942d7d7ea9b83732ab7856f8285"

shallow-equal@^1.0.0:
  version "1.0.0"
  resolved "http://registry.npm.taobao.org/shallow-equal/download/shallow-equal-1.0.0.tgz#508d1838b3de590ab8757b011b25e430900945f7"

shallowequal@^0.2.2:
  version "0.2.2"
  resolved "http://registry.npm.taobao.org/shallowequal/download/shallowequal-0.2.2.tgz#1e32fd5bcab6ad688a4812cb0cc04efc75c7014e"
  dependencies:
    lodash.keys "^3.1.2"

shallowequal@^1.0.1:
  version "1.0.2"
  resolved "http://registry.npm.taobao.org/shallowequal/download/shallowequal-1.0.2.tgz#1561dbdefb8c01408100319085764da3fcf83f8f"

slick-carousel@^1.6.0:
  version "1.8.1"
  resolved "http://registry.npm.taobao.org/slick-carousel/download/slick-carousel-1.8.1.tgz#a4bfb29014887bb66ce528b90bd0cda262cc8f8d"

string-convert@^0.2.0:
  version "0.2.1"
  resolved "http://registry.npm.taobao.org/string-convert/download/string-convert-0.2.1.tgz#6982cc3049fbb4cd85f8b24568b9d9bf39eeff97"

typescript@^2.6.1:
  version "2.6.1"
  resolved "http://registry.npm.taobao.org/typescript/download/typescript-2.6.1.tgz#ef39cdea27abac0b500242d6726ab90e0c846631"

ua-parser-js@^0.7.9:
  version "0.7.17"
  resolved "http://registry.npm.taobao.org/ua-parser-js/download/ua-parser-js-0.7.17.tgz#e9ec5f9498b9ec910e7ae3ac626a805c4d09ecac"

warning@2.x:
  version "2.1.0"
  resolved "http://registry.npm.taobao.org/warning/download/warning-2.1.0.tgz#21220d9c63afc77a8c92111e011af705ce0c6901"
  dependencies:
    loose-envify "^1.0.0"

warning@^3.0.0, warning@~3.0.0:
  version "3.0.0"
  resolved "http://registry.npm.taobao.org/warning/download/warning-3.0.0.tgz#32e5377cb572de4ab04753bdf8821c01ed605b7c"
  dependencies:
    loose-envify "^1.0.0"

whatwg-fetch@>=0.10.0:
  version "2.0.3"
  resolved "http://registry.npm.taobao.org/whatwg-fetch/download/whatwg-fetch-2.0.3.tgz#9c84ec2dcf68187ff00bc64e1274b442176e1c84"
